// !$*UTF8*$!
{
	archiveVersion = 1;
	classes = {
	};
	objectVersion = 46;
	objects = {

/* Begin PBXBuildFile section */
		22E356081A5BEF7000508A63 /* AlphaGradientView.m in Sources */ = {isa = PBXBuildFile; fileRef = 22E356071A5BEF7000508A63 /* AlphaGradientView.m */; };
		A6076758186C833C0032CF59 /* Stopwatch.m in Sources */ = {isa = PBXBuildFile; fileRef = A6076757186C833C0032CF59 /* Stopwatch.m */; };
		A607675B186C92B80032CF59 /* Calories.m in Sources */ = {isa = PBXBuildFile; fileRef = A607675A186C92B80032CF59 /* Calories.m */; };
		A607675D186CAFE60032CF59 /* CoreLocation.framework in Frameworks */ = {isa = PBXBuildFile; fileRef = A607675C186CAFE60032CF59 /* CoreLocation.framework */; };
		A6076763186CC7210032CF59 /* Pace.m in Sources */ = {isa = PBXBuildFile; fileRef = A6076762186CC7210032CF59 /* Pace.m */; };
		A6076766186CC72A0032CF59 /* Distance.m in Sources */ = {isa = PBXBuildFile; fileRef = A6076765186CC72A0032CF59 /* Distance.m */; };
		A6076769186CC73E0032CF59 /* HRMax.m in Sources */ = {isa = PBXBuildFile; fileRef = A6076768186CC73E0032CF59 /* HRMax.m */; };
		A6076773186CDA100032CF59 /* MapKit.framework in Frameworks */ = {isa = PBXBuildFile; fileRef = A6076772186CDA100032CF59 /* MapKit.framework */; };
		A61047C0186F0D16002F99B8 /* Elevation.m in Sources */ = {isa = PBXBuildFile; fileRef = A61047BF186F0D16002F99B8 /* Elevation.m */; };
		A61047C3186F0D1E002F99B8 /* Speed.m in Sources */ = {isa = PBXBuildFile; fileRef = A61047C2186F0D1E002F99B8 /* Speed.m */; };
		A61047C6186F2DD0002F99B8 /* DataWithSubtitleLabel.m in Sources */ = {isa = PBXBuildFile; fileRef = A61047C5186F2DD0002F99B8 /* DataWithSubtitleLabel.m */; };
		A61047CC186FAD74002F99B8 /* CurrentPace.m in Sources */ = {isa = PBXBuildFile; fileRef = A61047CB186FAD74002F99B8 /* CurrentPace.m */; };
		A61047CF186FB0BE002F99B8 /* Test.m in Sources */ = {isa = PBXBuildFile; fileRef = A61047CE186FB0BE002F99B8 /* Test.m */; };
		A62EAA4A186C6E1C005FCF8C /* AboutViewController.m in Sources */ = {isa = PBXBuildFile; fileRef = A62EAA49186C6E1C005FCF8C /* AboutViewController.m */; };
		A63DFDAD186DE2D10017AA2C /* Common.m in Sources */ = {isa = PBXBuildFile; fileRef = A63DFDAC186DE2D10017AA2C /* Common.m */; };
		A63DFDB2186DFEFF0017AA2C /* AppDelegate in Resources */ = {isa = PBXBuildFile; fileRef = A63DFDB1186DFEFF0017AA2C /* AppDelegate */; };
		A699747E186BB63C000FAA33 /* HelpViewController.m in Sources */ = {isa = PBXBuildFile; fileRef = A699747D186BB63C000FAA33 /* HelpViewController.m */; };
		A6F20CA7186927B400EF2CD0 /* Foundation.framework in Frameworks */ = {isa = PBXBuildFile; fileRef = A6F20CA6186927B400EF2CD0 /* Foundation.framework */; };
		A6F20CA9186927B400EF2CD0 /* CoreGraphics.framework in Frameworks */ = {isa = PBXBuildFile; fileRef = A6F20CA8186927B400EF2CD0 /* CoreGraphics.framework */; };
		A6F20CAB186927B400EF2CD0 /* UIKit.framework in Frameworks */ = {isa = PBXBuildFile; fileRef = A6F20CAA186927B400EF2CD0 /* UIKit.framework */; };
		A6F20CB1186927B400EF2CD0 /* InfoPlist.strings in Resources */ = {isa = PBXBuildFile; fileRef = A6F20CAF186927B400EF2CD0 /* InfoPlist.strings */; };
		A6F20CB3186927B400EF2CD0 /* main.m in Sources */ = {isa = PBXBuildFile; fileRef = A6F20CB2186927B400EF2CD0 /* main.m */; };
		A6F20CB7186927B400EF2CD0 /* AppDelegate.m in Sources */ = {isa = PBXBuildFile; fileRef = A6F20CB6186927B400EF2CD0 /* AppDelegate.m */; };
		A6F20CB9186927B400EF2CD0 /* Images.xcassets in Resources */ = {isa = PBXBuildFile; fileRef = A6F20CB8186927B400EF2CD0 /* Images.xcassets */; };
		A6F20CC1186927B400EF2CD0 /* Foundation.framework in Frameworks */ = {isa = PBXBuildFile; fileRef = A6F20CA6186927B400EF2CD0 /* Foundation.framework */; };
		A6F20CC2186927B400EF2CD0 /* UIKit.framework in Frameworks */ = {isa = PBXBuildFile; fileRef = A6F20CAA186927B400EF2CD0 /* UIKit.framework */; };
		A6F20CCA186927B400EF2CD0 /* InfoPlist.strings in Resources */ = {isa = PBXBuildFile; fileRef = A6F20CC8186927B400EF2CD0 /* InfoPlist.strings */; };
		A6F20CCC186927B400EF2CD0 /* HRMTests.m in Sources */ = {isa = PBXBuildFile; fileRef = A6F20CCB186927B400EF2CD0 /* HRMTests.m */; };
		A6F20CD61869280600EF2CD0 /* CoreBluetooth.framework in Frameworks */ = {isa = PBXBuildFile; fileRef = A6F20CD51869280600EF2CD0 /* CoreBluetooth.framework */; };
		A6F20CD9186939B400EF2CD0 /* PairPickViewController.m in Sources */ = {isa = PBXBuildFile; fileRef = A6F20CD8186939B400EF2CD0 /* PairPickViewController.m */; };
		A6F20D23186949A300EF2CD0 /* MainViewController.m in Sources */ = {isa = PBXBuildFile; fileRef = A6F20D22186949A300EF2CD0 /* MainViewController.m */; };
		A6F20D2C1869840900EF2CD0 /* ExternalAccessory.framework in Frameworks */ = {isa = PBXBuildFile; fileRef = A6F20D2B1869840900EF2CD0 /* ExternalAccessory.framework */; };
		A6F20D2E1869841500EF2CD0 /* libz.dylib in Frameworks */ = {isa = PBXBuildFile; fileRef = A6F20D2D1869841500EF2CD0 /* libz.dylib */; };
		A6F20D301869842000EF2CD0 /* CoreMotion.framework in Frameworks */ = {isa = PBXBuildFile; fileRef = A6F20D2F1869842000EF2CD0 /* CoreMotion.framework */; };
		A6F20D321869842B00EF2CD0 /* CFNetwork.framework in Frameworks */ = {isa = PBXBuildFile; fileRef = A6F20D311869842B00EF2CD0 /* CFNetwork.framework */; };
		A6F20D341869843200EF2CD0 /* MessageUI.framework in Frameworks */ = {isa = PBXBuildFile; fileRef = A6F20D331869843200EF2CD0 /* MessageUI.framework */; };
		A6F20D3B186B6C6E00EF2CD0 /* MainMenuViewController.m in Sources */ = {isa = PBXBuildFile; fileRef = A6F20D3A186B6C6E00EF2CD0 /* MainMenuViewController.m */; };
		A6F20D3E186B6CBE00EF2CD0 /* QuartzCore.framework in Frameworks */ = {isa = PBXBuildFile; fileRef = A6F20D3D186B6CBE00EF2CD0 /* QuartzCore.framework */; };
		A6F20D47186B784A00EF2CD0 /* DashboardViewController.m in Sources */ = {isa = PBXBuildFile; fileRef = A6F20D46186B784A00EF2CD0 /* DashboardViewController.m */; };
		A6F20D53186B7B7000EF2CD0 /* MMDrawerBarButtonItem.m in Sources */ = {isa = PBXBuildFile; fileRef = A6F20D4B186B7B7000EF2CD0 /* MMDrawerBarButtonItem.m */; };
		A6F20D54186B7B7000EF2CD0 /* MMDrawerController.m in Sources */ = {isa = PBXBuildFile; fileRef = A6F20D4E186B7B7000EF2CD0 /* MMDrawerController.m */; };
		A6F20D55186B7B7000EF2CD0 /* MMDrawerVisualState.m in Sources */ = {isa = PBXBuildFile; fileRef = A6F20D50186B7B7000EF2CD0 /* MMDrawerVisualState.m */; };
		A6F20D56186B7B7000EF2CD0 /* UIViewController+MMDrawerController.m in Sources */ = {isa = PBXBuildFile; fileRef = A6F20D52186B7B7000EF2CD0 /* UIViewController+MMDrawerController.m */; };
		A6F20D5A186B813900EF2CD0 /* SettingsViewController.m in Sources */ = {isa = PBXBuildFile; fileRef = A6F20D59186B813900EF2CD0 /* SettingsViewController.m */; };
/* End PBXBuildFile section */

/* Begin PBXContainerItemProxy section */
		A6F20CC3186927B400EF2CD0 /* PBXContainerItemProxy */ = {
			isa = PBXContainerItemProxy;
			containerPortal = A6F20C9B186927B400EF2CD0 /* Project object */;
			proxyType = 1;
			remoteGlobalIDString = A6F20CA2186927B400EF2CD0;
			remoteInfo = HRM;
		};
/* End PBXContainerItemProxy section */

/* Begin PBXFileReference section */
		22E356061A5BEF7000508A63 /* AlphaGradientView.h */ = {isa = PBXFileReference; fileEncoding = 4; lastKnownFileType = sourcecode.c.h; path = AlphaGradientView.h; sourceTree = "<group>"; };
		22E356071A5BEF7000508A63 /* AlphaGradientView.m */ = {isa = PBXFileReference; fileEncoding = 4; lastKnownFileType = sourcecode.c.objc; path = AlphaGradientView.m; sourceTree = "<group>"; };
		A6076756186C833C0032CF59 /* Stopwatch.h */ = {isa = PBXFileReference; fileEncoding = 4; lastKnownFileType = sourcecode.c.h; path = Stopwatch.h; sourceTree = "<group>"; };
		A6076757186C833C0032CF59 /* Stopwatch.m */ = {isa = PBXFileReference; fileEncoding = 4; lastKnownFileType = sourcecode.c.objc; path = Stopwatch.m; sourceTree = "<group>"; };
		A6076759186C92B80032CF59 /* Calories.h */ = {isa = PBXFileReference; fileEncoding = 4; lastKnownFileType = sourcecode.c.h; path = Calories.h; sourceTree = "<group>"; };
		A607675A186C92B80032CF59 /* Calories.m */ = {isa = PBXFileReference; fileEncoding = 4; lastKnownFileType = sourcecode.c.objc; path = Calories.m; sourceTree = "<group>"; };
		A607675C186CAFE60032CF59 /* CoreLocation.framework */ = {isa = PBXFileReference; lastKnownFileType = wrapper.framework; name = CoreLocation.framework; path = System/Library/Frameworks/CoreLocation.framework; sourceTree = SDKROOT; };
		A6076761186CC7210032CF59 /* Pace.h */ = {isa = PBXFileReference; fileEncoding = 4; lastKnownFileType = sourcecode.c.h; path = Pace.h; sourceTree = "<group>"; };
		A6076762186CC7210032CF59 /* Pace.m */ = {isa = PBXFileReference; fileEncoding = 4; lastKnownFileType = sourcecode.c.objc; path = Pace.m; sourceTree = "<group>"; };
		A6076764186CC72A0032CF59 /* Distance.h */ = {isa = PBXFileReference; fileEncoding = 4; lastKnownFileType = sourcecode.c.h; path = Distance.h; sourceTree = "<group>"; };
		A6076765186CC72A0032CF59 /* Distance.m */ = {isa = PBXFileReference; fileEncoding = 4; lastKnownFileType = sourcecode.c.objc; path = Distance.m; sourceTree = "<group>"; };
		A6076767186CC73E0032CF59 /* HRMax.h */ = {isa = PBXFileReference; fileEncoding = 4; lastKnownFileType = sourcecode.c.h; path = HRMax.h; sourceTree = "<group>"; };
		A6076768186CC73E0032CF59 /* HRMax.m */ = {isa = PBXFileReference; fileEncoding = 4; lastKnownFileType = sourcecode.c.objc; path = HRMax.m; sourceTree = "<group>"; };
		A6076772186CDA100032CF59 /* MapKit.framework */ = {isa = PBXFileReference; lastKnownFileType = wrapper.framework; name = MapKit.framework; path = System/Library/Frameworks/MapKit.framework; sourceTree = SDKROOT; };
		A61047BE186F0D16002F99B8 /* Elevation.h */ = {isa = PBXFileReference; fileEncoding = 4; lastKnownFileType = sourcecode.c.h; path = Elevation.h; sourceTree = "<group>"; };
		A61047BF186F0D16002F99B8 /* Elevation.m */ = {isa = PBXFileReference; fileEncoding = 4; lastKnownFileType = sourcecode.c.objc; path = Elevation.m; sourceTree = "<group>"; };
		A61047C1186F0D1E002F99B8 /* Speed.h */ = {isa = PBXFileReference; fileEncoding = 4; lastKnownFileType = sourcecode.c.h; path = Speed.h; sourceTree = "<group>"; };
		A61047C2186F0D1E002F99B8 /* Speed.m */ = {isa = PBXFileReference; fileEncoding = 4; lastKnownFileType = sourcecode.c.objc; path = Speed.m; sourceTree = "<group>"; };
		A61047C4186F2DD0002F99B8 /* DataWithSubtitleLabel.h */ = {isa = PBXFileReference; fileEncoding = 4; lastKnownFileType = sourcecode.c.h; path = DataWithSubtitleLabel.h; sourceTree = "<group>"; };
		A61047C5186F2DD0002F99B8 /* DataWithSubtitleLabel.m */ = {isa = PBXFileReference; fileEncoding = 4; lastKnownFileType = sourcecode.c.objc; path = DataWithSubtitleLabel.m; sourceTree = "<group>"; };
		A61047CA186FAD74002F99B8 /* CurrentPace.h */ = {isa = PBXFileReference; fileEncoding = 4; lastKnownFileType = sourcecode.c.h; path = CurrentPace.h; sourceTree = "<group>"; };
		A61047CB186FAD74002F99B8 /* CurrentPace.m */ = {isa = PBXFileReference; fileEncoding = 4; lastKnownFileType = sourcecode.c.objc; path = CurrentPace.m; sourceTree = "<group>"; };
		A61047CD186FB0BE002F99B8 /* Test.h */ = {isa = PBXFileReference; fileEncoding = 4; lastKnownFileType = sourcecode.c.h; path = Test.h; sourceTree = "<group>"; };
		A61047CE186FB0BE002F99B8 /* Test.m */ = {isa = PBXFileReference; fileEncoding = 4; lastKnownFileType = sourcecode.c.objc; path = Test.m; sourceTree = "<group>"; };
		A62EAA48186C6E1C005FCF8C /* AboutViewController.h */ = {isa = PBXFileReference; fileEncoding = 4; lastKnownFileType = sourcecode.c.h; path = AboutViewController.h; sourceTree = "<group>"; };
		A62EAA49186C6E1C005FCF8C /* AboutViewController.m */ = {isa = PBXFileReference; fileEncoding = 4; lastKnownFileType = sourcecode.c.objc; path = AboutViewController.m; sourceTree = "<group>"; };
		A63DFDAB186DE2D10017AA2C /* Common.h */ = {isa = PBXFileReference; fileEncoding = 4; lastKnownFileType = sourcecode.c.h; path = Common.h; sourceTree = "<group>"; };
		A63DFDAC186DE2D10017AA2C /* Common.m */ = {isa = PBXFileReference; fileEncoding = 4; lastKnownFileType = sourcecode.c.objc; path = Common.m; sourceTree = "<group>"; };
		A63DFDB1186DFEFF0017AA2C /* AppDelegate */ = {isa = PBXFileReference; fileEncoding = 4; lastKnownFileType = text; path = AppDelegate; sourceTree = "<group>"; };
		A699747C186BB63C000FAA33 /* HelpViewController.h */ = {isa = PBXFileReference; fileEncoding = 4; lastKnownFileType = sourcecode.c.h; path = HelpViewController.h; sourceTree = "<group>"; };
		A699747D186BB63C000FAA33 /* HelpViewController.m */ = {isa = PBXFileReference; fileEncoding = 4; lastKnownFileType = sourcecode.c.objc; path = HelpViewController.m; sourceTree = "<group>"; };
		A6F20CA3186927B400EF2CD0 /* HRM.app */ = {isa = PBXFileReference; explicitFileType = wrapper.application; includeInIndex = 0; path = HRM.app; sourceTree = BUILT_PRODUCTS_DIR; };
		A6F20CA6186927B400EF2CD0 /* Foundation.framework */ = {isa = PBXFileReference; lastKnownFileType = wrapper.framework; name = Foundation.framework; path = System/Library/Frameworks/Foundation.framework; sourceTree = SDKROOT; };
		A6F20CA8186927B400EF2CD0 /* CoreGraphics.framework */ = {isa = PBXFileReference; lastKnownFileType = wrapper.framework; name = CoreGraphics.framework; path = System/Library/Frameworks/CoreGraphics.framework; sourceTree = SDKROOT; };
		A6F20CAA186927B400EF2CD0 /* UIKit.framework */ = {isa = PBXFileReference; lastKnownFileType = wrapper.framework; name = UIKit.framework; path = System/Library/Frameworks/UIKit.framework; sourceTree = SDKROOT; };
		A6F20CAE186927B400EF2CD0 /* HRM-Info.plist */ = {isa = PBXFileReference; lastKnownFileType = text.plist.xml; path = "HRM-Info.plist"; sourceTree = "<group>"; };
		A6F20CB0186927B400EF2CD0 /* en */ = {isa = PBXFileReference; lastKnownFileType = text.plist.strings; name = en; path = en.lproj/InfoPlist.strings; sourceTree = "<group>"; };
		A6F20CB2186927B400EF2CD0 /* main.m */ = {isa = PBXFileReference; lastKnownFileType = sourcecode.c.objc; path = main.m; sourceTree = "<group>"; };
		A6F20CB4186927B400EF2CD0 /* HRM-Prefix.pch */ = {isa = PBXFileReference; lastKnownFileType = sourcecode.c.h; path = "HRM-Prefix.pch"; sourceTree = "<group>"; };
		A6F20CB5186927B400EF2CD0 /* AppDelegate.h */ = {isa = PBXFileReference; lastKnownFileType = sourcecode.c.h; path = AppDelegate.h; sourceTree = "<group>"; };
		A6F20CB6186927B400EF2CD0 /* AppDelegate.m */ = {isa = PBXFileReference; lastKnownFileType = sourcecode.c.objc; path = AppDelegate.m; sourceTree = "<group>"; };
		A6F20CB8186927B400EF2CD0 /* Images.xcassets */ = {isa = PBXFileReference; lastKnownFileType = folder.assetcatalog; path = Images.xcassets; sourceTree = "<group>"; };
		A6F20CBE186927B400EF2CD0 /* HRMTests.xctest */ = {isa = PBXFileReference; explicitFileType = wrapper.cfbundle; includeInIndex = 0; path = HRMTests.xctest; sourceTree = BUILT_PRODUCTS_DIR; };
		A6F20CC7186927B400EF2CD0 /* HRMTests-Info.plist */ = {isa = PBXFileReference; lastKnownFileType = text.plist.xml; path = "HRMTests-Info.plist"; sourceTree = "<group>"; };
		A6F20CC9186927B400EF2CD0 /* en */ = {isa = PBXFileReference; lastKnownFileType = text.plist.strings; name = en; path = en.lproj/InfoPlist.strings; sourceTree = "<group>"; };
		A6F20CCB186927B400EF2CD0 /* HRMTests.m */ = {isa = PBXFileReference; lastKnownFileType = sourcecode.c.objc; path = HRMTests.m; sourceTree = "<group>"; };
		A6F20CD51869280600EF2CD0 /* CoreBluetooth.framework */ = {isa = PBXFileReference; lastKnownFileType = wrapper.framework; name = CoreBluetooth.framework; path = System/Library/Frameworks/CoreBluetooth.framework; sourceTree = SDKROOT; };
		A6F20CD7186939B400EF2CD0 /* PairPickViewController.h */ = {isa = PBXFileReference; fileEncoding = 4; lastKnownFileType = sourcecode.c.h; path = PairPickViewController.h; sourceTree = "<group>"; };
		A6F20CD8186939B400EF2CD0 /* PairPickViewController.m */ = {isa = PBXFileReference; fileEncoding = 4; lastKnownFileType = sourcecode.c.objc; path = PairPickViewController.m; sourceTree = "<group>"; };
		A6F20D21186949A300EF2CD0 /* MainViewController.h */ = {isa = PBXFileReference; fileEncoding = 4; lastKnownFileType = sourcecode.c.h; path = MainViewController.h; sourceTree = "<group>"; };
		A6F20D22186949A300EF2CD0 /* MainViewController.m */ = {isa = PBXFileReference; fileEncoding = 4; lastKnownFileType = sourcecode.c.objc; path = MainViewController.m; sourceTree = "<group>"; };
		A6F20D2B1869840900EF2CD0 /* ExternalAccessory.framework */ = {isa = PBXFileReference; lastKnownFileType = wrapper.framework; name = ExternalAccessory.framework; path = System/Library/Frameworks/ExternalAccessory.framework; sourceTree = SDKROOT; };
		A6F20D2D1869841500EF2CD0 /* libz.dylib */ = {isa = PBXFileReference; lastKnownFileType = "compiled.mach-o.dylib"; name = libz.dylib; path = usr/lib/libz.dylib; sourceTree = SDKROOT; };
		A6F20D2F1869842000EF2CD0 /* CoreMotion.framework */ = {isa = PBXFileReference; lastKnownFileType = wrapper.framework; name = CoreMotion.framework; path = System/Library/Frameworks/CoreMotion.framework; sourceTree = SDKROOT; };
		A6F20D311869842B00EF2CD0 /* CFNetwork.framework */ = {isa = PBXFileReference; lastKnownFileType = wrapper.framework; name = CFNetwork.framework; path = System/Library/Frameworks/CFNetwork.framework; sourceTree = SDKROOT; };
		A6F20D331869843200EF2CD0 /* MessageUI.framework */ = {isa = PBXFileReference; lastKnownFileType = wrapper.framework; name = MessageUI.framework; path = System/Library/Frameworks/MessageUI.framework; sourceTree = SDKROOT; };
		A6F20D39186B6C6E00EF2CD0 /* MainMenuViewController.h */ = {isa = PBXFileReference; fileEncoding = 4; lastKnownFileType = sourcecode.c.h; path = MainMenuViewController.h; sourceTree = "<group>"; };
		A6F20D3A186B6C6E00EF2CD0 /* MainMenuViewController.m */ = {isa = PBXFileReference; fileEncoding = 4; lastKnownFileType = sourcecode.c.objc; path = MainMenuViewController.m; sourceTree = "<group>"; };
		A6F20D3D186B6CBE00EF2CD0 /* QuartzCore.framework */ = {isa = PBXFileReference; lastKnownFileType = wrapper.framework; name = QuartzCore.framework; path = System/Library/Frameworks/QuartzCore.framework; sourceTree = SDKROOT; };
		A6F20D45186B784A00EF2CD0 /* DashboardViewController.h */ = {isa = PBXFileReference; fileEncoding = 4; lastKnownFileType = sourcecode.c.h; path = DashboardViewController.h; sourceTree = "<group>"; };
		A6F20D46186B784A00EF2CD0 /* DashboardViewController.m */ = {isa = PBXFileReference; fileEncoding = 4; lastKnownFileType = sourcecode.c.objc; path = DashboardViewController.m; sourceTree = "<group>"; };
		A6F20D4A186B7B7000EF2CD0 /* MMDrawerBarButtonItem.h */ = {isa = PBXFileReference; fileEncoding = 4; lastKnownFileType = sourcecode.c.h; path = MMDrawerBarButtonItem.h; sourceTree = "<group>"; };
		A6F20D4B186B7B7000EF2CD0 /* MMDrawerBarButtonItem.m */ = {isa = PBXFileReference; fileEncoding = 4; lastKnownFileType = sourcecode.c.objc; path = MMDrawerBarButtonItem.m; sourceTree = "<group>"; };
		A6F20D4C186B7B7000EF2CD0 /* MMDrawerController+Subclass.h */ = {isa = PBXFileReference; fileEncoding = 4; lastKnownFileType = sourcecode.c.h; path = "MMDrawerController+Subclass.h"; sourceTree = "<group>"; };
		A6F20D4D186B7B7000EF2CD0 /* MMDrawerController.h */ = {isa = PBXFileReference; fileEncoding = 4; lastKnownFileType = sourcecode.c.h; path = MMDrawerController.h; sourceTree = "<group>"; };
		A6F20D4E186B7B7000EF2CD0 /* MMDrawerController.m */ = {isa = PBXFileReference; fileEncoding = 4; lastKnownFileType = sourcecode.c.objc; path = MMDrawerController.m; sourceTree = "<group>"; };
		A6F20D4F186B7B7000EF2CD0 /* MMDrawerVisualState.h */ = {isa = PBXFileReference; fileEncoding = 4; lastKnownFileType = sourcecode.c.h; path = MMDrawerVisualState.h; sourceTree = "<group>"; };
		A6F20D50186B7B7000EF2CD0 /* MMDrawerVisualState.m */ = {isa = PBXFileReference; fileEncoding = 4; lastKnownFileType = sourcecode.c.objc; path = MMDrawerVisualState.m; sourceTree = "<group>"; };
		A6F20D51186B7B7000EF2CD0 /* UIViewController+MMDrawerController.h */ = {isa = PBXFileReference; fileEncoding = 4; lastKnownFileType = sourcecode.c.h; path = "UIViewController+MMDrawerController.h"; sourceTree = "<group>"; };
		A6F20D52186B7B7000EF2CD0 /* UIViewController+MMDrawerController.m */ = {isa = PBXFileReference; fileEncoding = 4; lastKnownFileType = sourcecode.c.objc; path = "UIViewController+MMDrawerController.m"; sourceTree = "<group>"; };
		A6F20D58186B813900EF2CD0 /* SettingsViewController.h */ = {isa = PBXFileReference; fileEncoding = 4; lastKnownFileType = sourcecode.c.h; path = SettingsViewController.h; sourceTree = "<group>"; };
		A6F20D59186B813900EF2CD0 /* SettingsViewController.m */ = {isa = PBXFileReference; fileEncoding = 4; lastKnownFileType = sourcecode.c.objc; path = SettingsViewController.m; sourceTree = "<group>"; };
/* End PBXFileReference section */

/* Begin PBXFrameworksBuildPhase section */
		A6F20CA0186927B400EF2CD0 /* Frameworks */ = {
			isa = PBXFrameworksBuildPhase;
			buildActionMask = 2147483647;
			files = (
				A6076773186CDA100032CF59 /* MapKit.framework in Frameworks */,
				A607675D186CAFE60032CF59 /* CoreLocation.framework in Frameworks */,
				A6F20D3E186B6CBE00EF2CD0 /* QuartzCore.framework in Frameworks */,
				A6F20D341869843200EF2CD0 /* MessageUI.framework in Frameworks */,
				A6F20D321869842B00EF2CD0 /* CFNetwork.framework in Frameworks */,
				A6F20D301869842000EF2CD0 /* CoreMotion.framework in Frameworks */,
				A6F20D2E1869841500EF2CD0 /* libz.dylib in Frameworks */,
				A6F20D2C1869840900EF2CD0 /* ExternalAccessory.framework in Frameworks */,
				A6F20CD61869280600EF2CD0 /* CoreBluetooth.framework in Frameworks */,
				A6F20CA9186927B400EF2CD0 /* CoreGraphics.framework in Frameworks */,
				A6F20CAB186927B400EF2CD0 /* UIKit.framework in Frameworks */,
				A6F20CA7186927B400EF2CD0 /* Foundation.framework in Frameworks */,
			);
			runOnlyForDeploymentPostprocessing = 0;
		};
		A6F20CBB186927B400EF2CD0 /* Frameworks */ = {
			isa = PBXFrameworksBuildPhase;
			buildActionMask = 2147483647;
			files = (
				A6F20CC2186927B400EF2CD0 /* UIKit.framework in Frameworks */,
				A6F20CC1186927B400EF2CD0 /* Foundation.framework in Frameworks */,
			);
			runOnlyForDeploymentPostprocessing = 0;
		};
/* End PBXFrameworksBuildPhase section */

/* Begin PBXGroup section */
		A6076752186C81D90032CF59 /* Modules */ = {
			isa = PBXGroup;
			children = (
				A6076756186C833C0032CF59 /* Stopwatch.h */,
				A6076757186C833C0032CF59 /* Stopwatch.m */,
				A6076759186C92B80032CF59 /* Calories.h */,
				A607675A186C92B80032CF59 /* Calories.m */,
				A6076764186CC72A0032CF59 /* Distance.h */,
				A6076765186CC72A0032CF59 /* Distance.m */,
				A6076761186CC7210032CF59 /* Pace.h */,
				A6076762186CC7210032CF59 /* Pace.m */,
				A6076767186CC73E0032CF59 /* HRMax.h */,
				A6076768186CC73E0032CF59 /* HRMax.m */,
				A61047CD186FB0BE002F99B8 /* Test.h */,
				A61047CE186FB0BE002F99B8 /* Test.m */,
				A61047BE186F0D16002F99B8 /* Elevation.h */,
				A61047BF186F0D16002F99B8 /* Elevation.m */,
				A61047C1186F0D1E002F99B8 /* Speed.h */,
				A61047C2186F0D1E002F99B8 /* Speed.m */,
				A61047CA186FAD74002F99B8 /* CurrentPace.h */,
				A61047CB186FAD74002F99B8 /* CurrentPace.m */,
			);
			name = Modules;
			sourceTree = "<group>";
		};
		A607675E186CB2B30032CF59 /* View - run */ = {
			isa = PBXGroup;
			children = (
				A6F20D21186949A300EF2CD0 /* MainViewController.h */,
				A6F20D22186949A300EF2CD0 /* MainViewController.m */,
			);
			name = "View - run";
			sourceTree = "<group>";
		};
		A607675F186CB2DA0032CF59 /* Left */ = {
			isa = PBXGroup;
			children = (
				A6F20D39186B6C6E00EF2CD0 /* MainMenuViewController.h */,
				A6F20D3A186B6C6E00EF2CD0 /* MainMenuViewController.m */,
			);
			name = Left;
			sourceTree = "<group>";
		};
		A6076760186CB2ED0032CF59 /* Right */ = {
			isa = PBXGroup;
			children = (
			);
			name = Right;
			sourceTree = "<group>";
		};
		A62EAA47186C6E10005FCF8C /* View - about */ = {
			isa = PBXGroup;
			children = (
				A62EAA48186C6E1C005FCF8C /* AboutViewController.h */,
				A62EAA49186C6E1C005FCF8C /* AboutViewController.m */,
			);
			name = "View - about";
			sourceTree = "<group>";
		};
		A699747B186BB625000FAA33 /* View - help */ = {
			isa = PBXGroup;
			children = (
				A699747C186BB63C000FAA33 /* HelpViewController.h */,
				A699747D186BB63C000FAA33 /* HelpViewController.m */,
			);
			name = "View - help";
			sourceTree = "<group>";
		};
		A699747F186BC429000FAA33 /* Settings */ = {
			isa = PBXGroup;
			children = (
				A6F20CD7186939B400EF2CD0 /* PairPickViewController.h */,
				A6F20CD8186939B400EF2CD0 /* PairPickViewController.m */,
			);
			name = Settings;
			sourceTree = "<group>";
		};
		A6F20C9A186927B400EF2CD0 = {
			isa = PBXGroup;
			children = (
				A6F20CAC186927B400EF2CD0 /* HRM */,
				A6F20CC5186927B400EF2CD0 /* HRMTests */,
				A6F20CA5186927B400EF2CD0 /* Frameworks */,
				A6F20CA4186927B400EF2CD0 /* Products */,
			);
			sourceTree = "<group>";
		};
		A6F20CA4186927B400EF2CD0 /* Products */ = {
			isa = PBXGroup;
			children = (
				A6F20CA3186927B400EF2CD0 /* HRM.app */,
				A6F20CBE186927B400EF2CD0 /* HRMTests.xctest */,
			);
			name = Products;
			sourceTree = "<group>";
		};
		A6F20CA5186927B400EF2CD0 /* Frameworks */ = {
			isa = PBXGroup;
			children = (
				A6076772186CDA100032CF59 /* MapKit.framework */,
				A607675C186CAFE60032CF59 /* CoreLocation.framework */,
				A6F20D3D186B6CBE00EF2CD0 /* QuartzCore.framework */,
				A6F20D331869843200EF2CD0 /* MessageUI.framework */,
				A6F20D311869842B00EF2CD0 /* CFNetwork.framework */,
				A6F20D2F1869842000EF2CD0 /* CoreMotion.framework */,
				A6F20D2D1869841500EF2CD0 /* libz.dylib */,
				A6F20D2B1869840900EF2CD0 /* ExternalAccessory.framework */,
				A6F20CD51869280600EF2CD0 /* CoreBluetooth.framework */,
				A6F20CA6186927B400EF2CD0 /* Foundation.framework */,
				A6F20CA8186927B400EF2CD0 /* CoreGraphics.framework */,
				A6F20CAA186927B400EF2CD0 /* UIKit.framework */,
			);
			name = Frameworks;
			sourceTree = "<group>";
		};
		A6F20CAC186927B400EF2CD0 /* HRM */ = {
			isa = PBXGroup;
			children = (
				A6076752186C81D90032CF59 /* Modules */,
				A6F20D5B186B873000EF2CD0 /* Utilities */,
				A62EAA47186C6E10005FCF8C /* View - about */,
				A6F20D48186B787800EF2CD0 /* View - dashboard */,
				A699747B186BB625000FAA33 /* View - help */,
				A607675E186CB2B30032CF59 /* View - run */,
				A6F20D57186B811E00EF2CD0 /* View - settings */,
				A6F20D3C186B6C7400EF2CD0 /* Sidepanels */,
				A6F20CB5186927B400EF2CD0 /* AppDelegate.h */,
				A6F20CB6186927B400EF2CD0 /* AppDelegate.m */,
				A63DFDB1186DFEFF0017AA2C /* AppDelegate */,
				A6F20CB8186927B400EF2CD0 /* Images.xcassets */,
				A6F20D49186B7B7000EF2CD0 /* MMDrawerController */,
				A6F20CAD186927B400EF2CD0 /* Supporting Files */,
			);
			path = HRM;
			sourceTree = "<group>";
		};
		A6F20CAD186927B400EF2CD0 /* Supporting Files */ = {
			isa = PBXGroup;
			children = (
				A6F20CAE186927B400EF2CD0 /* HRM-Info.plist */,
				A6F20CAF186927B400EF2CD0 /* InfoPlist.strings */,
				A6F20CB2186927B400EF2CD0 /* main.m */,
				A6F20CB4186927B400EF2CD0 /* HRM-Prefix.pch */,
			);
			name = "Supporting Files";
			sourceTree = "<group>";
		};
		A6F20CC5186927B400EF2CD0 /* HRMTests */ = {
			isa = PBXGroup;
			children = (
				A6F20CCB186927B400EF2CD0 /* HRMTests.m */,
				A6F20CC6186927B400EF2CD0 /* Supporting Files */,
			);
			path = HRMTests;
			sourceTree = "<group>";
		};
		A6F20CC6186927B400EF2CD0 /* Supporting Files */ = {
			isa = PBXGroup;
			children = (
				A6F20CC7186927B400EF2CD0 /* HRMTests-Info.plist */,
				A6F20CC8186927B400EF2CD0 /* InfoPlist.strings */,
			);
			name = "Supporting Files";
			sourceTree = "<group>";
		};
		A6F20D3C186B6C7400EF2CD0 /* Sidepanels */ = {
			isa = PBXGroup;
			children = (
				A6076760186CB2ED0032CF59 /* Right */,
				A607675F186CB2DA0032CF59 /* Left */,
			);
			name = Sidepanels;
			sourceTree = "<group>";
		};
		A6F20D48186B787800EF2CD0 /* View - dashboard */ = {
			isa = PBXGroup;
			children = (
				A6F20D45186B784A00EF2CD0 /* DashboardViewController.h */,
				A6F20D46186B784A00EF2CD0 /* DashboardViewController.m */,
			);
			name = "View - dashboard";
			sourceTree = "<group>";
		};
		A6F20D49186B7B7000EF2CD0 /* MMDrawerController */ = {
			isa = PBXGroup;
			children = (
				A6F20D4A186B7B7000EF2CD0 /* MMDrawerBarButtonItem.h */,
				A6F20D4B186B7B7000EF2CD0 /* MMDrawerBarButtonItem.m */,
				A6F20D4C186B7B7000EF2CD0 /* MMDrawerController+Subclass.h */,
				A6F20D4D186B7B7000EF2CD0 /* MMDrawerController.h */,
				A6F20D4E186B7B7000EF2CD0 /* MMDrawerController.m */,
				A6F20D4F186B7B7000EF2CD0 /* MMDrawerVisualState.h */,
				A6F20D50186B7B7000EF2CD0 /* MMDrawerVisualState.m */,
				A6F20D51186B7B7000EF2CD0 /* UIViewController+MMDrawerController.h */,
				A6F20D52186B7B7000EF2CD0 /* UIViewController+MMDrawerController.m */,
			);
			path = MMDrawerController;
			sourceTree = "<group>";
		};
		A6F20D57186B811E00EF2CD0 /* View - settings */ = {
			isa = PBXGroup;
			children = (
				A699747F186BC429000FAA33 /* Settings */,
				A6F20D58186B813900EF2CD0 /* SettingsViewController.h */,
				A6F20D59186B813900EF2CD0 /* SettingsViewController.m */,
			);
			name = "View - settings";
			sourceTree = "<group>";
		};
		A6F20D5B186B873000EF2CD0 /* Utilities */ = {
			isa = PBXGroup;
			children = (
				A61047C4186F2DD0002F99B8 /* DataWithSubtitleLabel.h */,
				A61047C5186F2DD0002F99B8 /* DataWithSubtitleLabel.m */,
				22E356061A5BEF7000508A63 /* AlphaGradientView.h */,
				22E356071A5BEF7000508A63 /* AlphaGradientView.m */,
				A63DFDAB186DE2D10017AA2C /* Common.h */,
				A63DFDAC186DE2D10017AA2C /* Common.m */,
			);
			name = Utilities;
			sourceTree = "<group>";
		};
/* End PBXGroup section */

/* Begin PBXNativeTarget section */
		A6F20CA2186927B400EF2CD0 /* HRM */ = {
			isa = PBXNativeTarget;
			buildConfigurationList = A6F20CCF186927B400EF2CD0 /* Build configuration list for PBXNativeTarget "HRM" */;
			buildPhases = (
				A6F20C9F186927B400EF2CD0 /* Sources */,
				A6F20CA0186927B400EF2CD0 /* Frameworks */,
				A6F20CA1186927B400EF2CD0 /* Resources */,
			);
			buildRules = (
			);
			dependencies = (
			);
			name = HRM;
			productName = HRM;
			productReference = A6F20CA3186927B400EF2CD0 /* HRM.app */;
			productType = "com.apple.product-type.application";
		};
		A6F20CBD186927B400EF2CD0 /* HRMTests */ = {
			isa = PBXNativeTarget;
			buildConfigurationList = A6F20CD2186927B400EF2CD0 /* Build configuration list for PBXNativeTarget "HRMTests" */;
			buildPhases = (
				A6F20CBA186927B400EF2CD0 /* Sources */,
				A6F20CBB186927B400EF2CD0 /* Frameworks */,
				A6F20CBC186927B400EF2CD0 /* Resources */,
			);
			buildRules = (
			);
			dependencies = (
				A6F20CC4186927B400EF2CD0 /* PBXTargetDependency */,
			);
			name = HRMTests;
			productName = HRMTests;
			productReference = A6F20CBE186927B400EF2CD0 /* HRMTests.xctest */;
			productType = "com.apple.product-type.bundle.unit-test";
		};
/* End PBXNativeTarget section */

/* Begin PBXProject section */
		A6F20C9B186927B400EF2CD0 /* Project object */ = {
			isa = PBXProject;
			attributes = {
				LastUpgradeCheck = 0500;
				ORGANIZATIONNAME = "Tri M. Nguyen";
				TargetAttributes = {
					A6F20CBD186927B400EF2CD0 = {
						TestTargetID = A6F20CA2186927B400EF2CD0;
					};
				};
			};
			buildConfigurationList = A6F20C9E186927B400EF2CD0 /* Build configuration list for PBXProject "HRM" */;
			compatibilityVersion = "Xcode 3.2";
			developmentRegion = English;
			hasScannedForEncodings = 0;
			knownRegions = (
				en,
			);
			mainGroup = A6F20C9A186927B400EF2CD0;
			productRefGroup = A6F20CA4186927B400EF2CD0 /* Products */;
			projectDirPath = "";
			projectRoot = "";
			targets = (
				A6F20CA2186927B400EF2CD0 /* HRM */,
				A6F20CBD186927B400EF2CD0 /* HRMTests */,
			);
		};
/* End PBXProject section */

/* Begin PBXResourcesBuildPhase section */
		A6F20CA1186927B400EF2CD0 /* Resources */ = {
			isa = PBXResourcesBuildPhase;
			buildActionMask = 2147483647;
			files = (
				A6F20CB1186927B400EF2CD0 /* InfoPlist.strings in Resources */,
				A6F20CB9186927B400EF2CD0 /* Images.xcassets in Resources */,
				A63DFDB2186DFEFF0017AA2C /* AppDelegate in Resources */,
			);
			runOnlyForDeploymentPostprocessing = 0;
		};
		A6F20CBC186927B400EF2CD0 /* Resources */ = {
			isa = PBXResourcesBuildPhase;
			buildActionMask = 2147483647;
			files = (
				A6F20CCA186927B400EF2CD0 /* InfoPlist.strings in Resources */,
			);
			runOnlyForDeploymentPostprocessing = 0;
		};
/* End PBXResourcesBuildPhase section */

/* Begin PBXSourcesBuildPhase section */
		A6F20C9F186927B400EF2CD0 /* Sources */ = {
			isa = PBXSourcesBuildPhase;
			buildActionMask = 2147483647;
			files = (
				A6076769186CC73E0032CF59 /* HRMax.m in Sources */,
				A6F20D56186B7B7000EF2CD0 /* UIViewController+MMDrawerController.m in Sources */,
				A6076758186C833C0032CF59 /* Stopwatch.m in Sources */,
				22E356081A5BEF7000508A63 /* AlphaGradientView.m in Sources */,
				A61047C3186F0D1E002F99B8 /* Speed.m in Sources */,
				A607675B186C92B80032CF59 /* Calories.m in Sources */,
				A61047C0186F0D16002F99B8 /* Elevation.m in Sources */,
				A6F20D55186B7B7000EF2CD0 /* MMDrawerVisualState.m in Sources */,
				A63DFDAD186DE2D10017AA2C /* Common.m in Sources */,
				A6F20CB7186927B400EF2CD0 /* AppDelegate.m in Sources */,
				A6F20D5A186B813900EF2CD0 /* SettingsViewController.m in Sources */,
				A61047CF186FB0BE002F99B8 /* Test.m in Sources */,
				A6F20D53186B7B7000EF2CD0 /* MMDrawerBarButtonItem.m in Sources */,
				A61047C6186F2DD0002F99B8 /* DataWithSubtitleLabel.m in Sources */,
				A61047CC186FAD74002F99B8 /* CurrentPace.m in Sources */,
				A6F20CD9186939B400EF2CD0 /* PairPickViewController.m in Sources */,
				A6F20D47186B784A00EF2CD0 /* DashboardViewController.m in Sources */,
				A6076766186CC72A0032CF59 /* Distance.m in Sources */,
				A6F20D23186949A300EF2CD0 /* MainViewController.m in Sources */,
				A6076763186CC7210032CF59 /* Pace.m in Sources */,
				A699747E186BB63C000FAA33 /* HelpViewController.m in Sources */,
				A6F20D3B186B6C6E00EF2CD0 /* MainMenuViewController.m in Sources */,
				A6F20D54186B7B7000EF2CD0 /* MMDrawerController.m in Sources */,
				A62EAA4A186C6E1C005FCF8C /* AboutViewController.m in Sources */,
				A6F20CB3186927B400EF2CD0 /* main.m in Sources */,
			);
			runOnlyForDeploymentPostprocessing = 0;
		};
		A6F20CBA186927B400EF2CD0 /* Sources */ = {
			isa = PBXSourcesBuildPhase;
			buildActionMask = 2147483647;
			files = (
				A6F20CCC186927B400EF2CD0 /* HRMTests.m in Sources */,
			);
			runOnlyForDeploymentPostprocessing = 0;
		};
/* End PBXSourcesBuildPhase section */

/* Begin PBXTargetDependency section */
		A6F20CC4186927B400EF2CD0 /* PBXTargetDependency */ = {
			isa = PBXTargetDependency;
			target = A6F20CA2186927B400EF2CD0 /* HRM */;
			targetProxy = A6F20CC3186927B400EF2CD0 /* PBXContainerItemProxy */;
		};
/* End PBXTargetDependency section */

/* Begin PBXVariantGroup section */
		A6F20CAF186927B400EF2CD0 /* InfoPlist.strings */ = {
			isa = PBXVariantGroup;
			children = (
				A6F20CB0186927B400EF2CD0 /* en */,
			);
			name = InfoPlist.strings;
			sourceTree = "<group>";
		};
		A6F20CC8186927B400EF2CD0 /* InfoPlist.strings */ = {
			isa = PBXVariantGroup;
			children = (
				A6F20CC9186927B400EF2CD0 /* en */,
			);
			name = InfoPlist.strings;
			sourceTree = "<group>";
		};
/* End PBXVariantGroup section */

/* Begin XCBuildConfiguration section */
		A6F20CCD186927B400EF2CD0 /* Debug */ = {
			isa = XCBuildConfiguration;
			buildSettings = {
				ALWAYS_SEARCH_USER_PATHS = NO;
				ARCHS = "$(ARCHS_STANDARD_INCLUDING_64_BIT)";
				CLANG_CXX_LANGUAGE_STANDARD = "gnu++0x";
				CLANG_CXX_LIBRARY = "libc++";
				CLANG_ENABLE_MODULES = YES;
				CLANG_ENABLE_OBJC_ARC = YES;
				CLANG_WARN_BOOL_CONVERSION = YES;
				CLANG_WARN_CONSTANT_CONVERSION = YES;
				CLANG_WARN_DIRECT_OBJC_ISA_USAGE = YES_ERROR;
				CLANG_WARN_EMPTY_BODY = YES;
				CLANG_WARN_ENUM_CONVERSION = YES;
				CLANG_WARN_INT_CONVERSION = YES;
				CLANG_WARN_OBJC_ROOT_CLASS = YES_ERROR;
				CLANG_WARN__DUPLICATE_METHOD_MATCH = YES;
				"CODE_SIGN_IDENTITY[sdk=iphoneos*]" = "iPhone Developer";
				COPY_PHASE_STRIP = NO;
				GCC_C_LANGUAGE_STANDARD = gnu99;
				GCC_DYNAMIC_NO_PIC = NO;
				GCC_OPTIMIZATION_LEVEL = 0;
				GCC_PREPROCESSOR_DEFINITIONS = (
					"DEBUG=1",
					"$(inherited)",
				);
				GCC_SYMBOLS_PRIVATE_EXTERN = NO;
				GCC_WARN_64_TO_32_BIT_CONVERSION = YES;
				GCC_WARN_ABOUT_RETURN_TYPE = YES_ERROR;
				GCC_WARN_UNDECLARED_SELECTOR = YES;
				GCC_WARN_UNINITIALIZED_AUTOS = YES;
				GCC_WARN_UNUSED_FUNCTION = YES;
				GCC_WARN_UNUSED_VARIABLE = YES;
				IPHONEOS_DEPLOYMENT_TARGET = 7.0;
				ONLY_ACTIVE_ARCH = YES;
				SDKROOT = iphoneos;
				TARGETED_DEVICE_FAMILY = "1,2";
			};
			name = Debug;
		};
		A6F20CCE186927B400EF2CD0 /* Release */ = {
			isa = XCBuildConfiguration;
			buildSettings = {
				ALWAYS_SEARCH_USER_PATHS = NO;
				ARCHS = "$(ARCHS_STANDARD_INCLUDING_64_BIT)";
				CLANG_CXX_LANGUAGE_STANDARD = "gnu++0x";
				CLANG_CXX_LIBRARY = "libc++";
				CLANG_ENABLE_MODULES = YES;
				CLANG_ENABLE_OBJC_ARC = YES;
				CLANG_WARN_BOOL_CONVERSION = YES;
				CLANG_WARN_CONSTANT_CONVERSION = YES;
				CLANG_WARN_DIRECT_OBJC_ISA_USAGE = YES_ERROR;
				CLANG_WARN_EMPTY_BODY = YES;
				CLANG_WARN_ENUM_CONVERSION = YES;
				CLANG_WARN_INT_CONVERSION = YES;
				CLANG_WARN_OBJC_ROOT_CLASS = YES_ERROR;
				CLANG_WARN__DUPLICATE_METHOD_MATCH = YES;
				"CODE_SIGN_IDENTITY[sdk=iphoneos*]" = "iPhone Developer";
				COPY_PHASE_STRIP = YES;
				ENABLE_NS_ASSERTIONS = NO;
				GCC_C_LANGUAGE_STANDARD = gnu99;
				GCC_WARN_64_TO_32_BIT_CONVERSION = YES;
				GCC_WARN_ABOUT_RETURN_TYPE = YES_ERROR;
				GCC_WARN_UNDECLARED_SELECTOR = YES;
				GCC_WARN_UNINITIALIZED_AUTOS = YES;
				GCC_WARN_UNUSED_FUNCTION = YES;
				GCC_WARN_UNUSED_VARIABLE = YES;
				IPHONEOS_DEPLOYMENT_TARGET = 7.0;
				SDKROOT = iphoneos;
				TARGETED_DEVICE_FAMILY = "1,2";
				VALIDATE_PRODUCT = YES;
			};
			name = Release;
		};
		A6F20CD0186927B400EF2CD0 /* Debug */ = {
			isa = XCBuildConfiguration;
			buildSettings = {
				ASSETCATALOG_COMPILER_APPICON_NAME = AppIcon;
				ASSETCATALOG_COMPILER_LAUNCHIMAGE_NAME = LaunchImage;
				FRAMEWORK_SEARCH_PATHS = (
					"$(inherited)",
					"/Users/tmn/pebble-dev/PebbleSDK-2.0-BETA4/PebbleKit-iOS",
					"$(PROJECT_DIR)",
				);
				GCC_PRECOMPILE_PREFIX_HEADER = YES;
				GCC_PREFIX_HEADER = "HRM/HRM-Prefix.pch";
				INFOPLIST_FILE = "HRM/HRM-Info.plist";
				IPHONEOS_DEPLOYMENT_TARGET = 6.1;
				OTHER_LDFLAGS = "-ObjC";
				PRODUCT_NAME = "$(TARGET_NAME)";
				TARGETED_DEVICE_FAMILY = 1;
				WRAPPER_EXTENSION = app;
			};
			name = Debug;
		};
		A6F20CD1186927B400EF2CD0 /* Release */ = {
			isa = XCBuildConfiguration;
			buildSettings = {
				ASSETCATALOG_COMPILER_APPICON_NAME = AppIcon;
				ASSETCATALOG_COMPILER_LAUNCHIMAGE_NAME = LaunchImage;
				FRAMEWORK_SEARCH_PATHS = (
					"$(inherited)",
					"/Users/tmn/pebble-dev/PebbleSDK-2.0-BETA4/PebbleKit-iOS",
					"$(PROJECT_DIR)",
				);
				GCC_PRECOMPILE_PREFIX_HEADER = YES;
				GCC_PREFIX_HEADER = "HRM/HRM-Prefix.pch";
				INFOPLIST_FILE = "HRM/HRM-Info.plist";
				IPHONEOS_DEPLOYMENT_TARGET = 6.1;
				OTHER_LDFLAGS = "-ObjC";
				PRODUCT_NAME = "$(TARGET_NAME)";
				TARGETED_DEVICE_FAMILY = 1;
				WRAPPER_EXTENSION = app;
			};
			name = Release;
		};
		A6F20CD3186927B400EF2CD0 /* Debug */ = {
			isa = XCBuildConfiguration;
			buildSettings = {
				ARCHS = "$(ARCHS_STANDARD_INCLUDING_64_BIT)";
				BUNDLE_LOADER = "$(BUILT_PRODUCTS_DIR)/HRM.app/HRM";
				FRAMEWORK_SEARCH_PATHS = (
					"$(SDKROOT)/Developer/Library/Frameworks",
					"$(inherited)",
					"$(DEVELOPER_FRAMEWORKS_DIR)",
				);
				GCC_PRECOMPILE_PREFIX_HEADER = YES;
				GCC_PREFIX_HEADER = "HRM/HRM-Prefix.pch";
				GCC_PREPROCESSOR_DEFINITIONS = (
					"DEBUG=1",
					"$(inherited)",
				);
				INFOPLIST_FILE = "HRMTests/HRMTests-Info.plist";
				PRODUCT_NAME = "$(TARGET_NAME)";
				TEST_HOST = "$(BUNDLE_LOADER)";
				WRAPPER_EXTENSION = xctest;
			};
			name = Debug;
		};
		A6F20CD4186927B400EF2CD0 /* Release */ = {
			isa = XCBuildConfiguration;
			buildSettings = {
				ARCHS = "$(ARCHS_STANDARD_INCLUDING_64_BIT)";
				BUNDLE_LOADER = "$(BUILT_PRODUCTS_DIR)/HRM.app/HRM";
				FRAMEWORK_SEARCH_PATHS = (
					"$(SDKROOT)/Developer/Library/Frameworks",
					"$(inherited)",
					"$(DEVELOPER_FRAMEWORKS_DIR)",
				);
				GCC_PRECOMPILE_PREFIX_HEADER = YES;
				GCC_PREFIX_HEADER = "HRM/HRM-Prefix.pch";
				INFOPLIST_FILE = "HRMTests/HRMTests-Info.plist";
				PRODUCT_NAME = "$(TARGET_NAME)";
				TEST_HOST = "$(BUNDLE_LOADER)";
				WRAPPER_EXTENSION = xctest;
			};
			name = Release;
		};
/* End XCBuildConfiguration section */

/* Begin XCConfigurationList section */
		A6F20C9E186927B400EF2CD0 /* Build configuration list for PBXProject "HRM" */ = {
			isa = XCConfigurationList;
			buildConfigurations = (
				A6F20CCD186927B400EF2CD0 /* Debug */,
				A6F20CCE186927B400EF2CD0 /* Release */,
			);
			defaultConfigurationIsVisible = 0;
			defaultConfigurationName = Release;
		};
		A6F20CCF186927B400EF2CD0 /* Build configuration list for PBXNativeTarget "HRM" */ = {
			isa = XCConfigurationList;
			buildConfigurations = (
				A6F20CD0186927B400EF2CD0 /* Debug */,
				A6F20CD1186927B400EF2CD0 /* Release */,
			);
			defaultConfigurationIsVisible = 0;
			defaultConfigurationName = Release;
		};
		A6F20CD2186927B400EF2CD0 /* Build configuration list for PBXNativeTarget "HRMTests" */ = {
			isa = XCConfigurationList;
			buildConfigurations = (
				A6F20CD3186927B400EF2CD0 /* Debug */,
				A6F20CD4186927B400EF2CD0 /* Release */,
			);
			defaultConfigurationIsVisible = 0;
			defaultConfigurationName = Release;
		};
/* End XCConfigurationList section */
	};
	rootObject = A6F20C9B186927B400EF2CD0 /* Project object */;
}
